PODS:
  - Alamofire (3.1.1)
  - CocoaAsyncSocket (7.4.2)
  - flok (0.1.0):
    - Alamofire (~> 3.0)
    - SnapKit
    - Socket.IO-Client-Swift (~> 4.1)
  - SnapKit (0.16.0)
  - Socket.IO-Client-Swift (4.1.1)

DEPENDENCIES:
  - CocoaAsyncSocket (~> 7.4)
  - flok (from `../`)

EXTERNAL SOURCES:
  flok:
    :path: "../"

SPEC CHECKSUMS:
  Alamofire: 9b0a7188b961a03914a99304488bd226b0e46c0e
  CocoaAsyncSocket: f5783bdedd232d91b89769bc4b5a1580aed518ad
  flok: 4ef66557b1d9446b5f89c63ed418f0f8c1275061
  SnapKit: ddac6b339d571f9d80dbb733585b172ee9eed3cb
  Socket.IO-Client-Swift: 2620dbb779edbbd0bc0cac96c053ca7c35aba652

COCOAPODS: 0.39.0
